
Microsoft Visual Studio Solution File, Format Version 12.00
# Visual Studio 15
VisualStudioVersion = 15.0.26124.0
MinimumVisualStudioVersion = 15.0.26124.0
Project("{2150E333-8FDC-42A3-9474-1A3956D46DE8}") = "src", "src", "{FB836FAB-925C-4134-B64E-0318F6F5D2E2}"
EndProject
Project("{2150E333-8FDC-42A3-9474-1A3956D46DE8}") = "MadraCare.Services", "MadraCare.Services", "{FAB9A81B-4ECD-46BB-B8EF-A13A5A21735C}"
EndProject
Project("{FAE04EC0-301F-11D3-BF4B-00C04F79EFBC}") = "MadraCare.Services.Api", "src\MadraCare.Services\MadraCare.Services.Api\MadraCare.Services.Api.csproj", "{E43BF452-1C77-4CC6-8E29-9B5934C82D8C}"
EndProject
Project("{FAE04EC0-301F-11D3-BF4B-00C04F79EFBC}") = "MadraCare.Website", "src\MadraCare.Website\MadraCare.Website.csproj", "{83795867-057D-4EE5-9E1E-4B2FB8E8A131}"
EndProject
Project("{FAE04EC0-301F-11D3-BF4B-00C04F79EFBC}") = "MadraCare.Services.Kennel", "src\MadraCare.Services\MadraCare.Services.Kennel\MadraCare.Services.Kennel.csproj", "{87BA9D55-75B7-446F-B56F-1D05DC57042B}"
EndProject
Project("{2150E333-8FDC-42A3-9474-1A3956D46DE8}") = "MadraCare.Models", "MadraCare.Models", "{B3E330F7-4B67-4B0B-B00B-7656FF5D35A4}"
EndProject
Project("{FAE04EC0-301F-11D3-BF4B-00C04F79EFBC}") = "MadraCare.Models.Kennel", "src\MadraCare.Models\MadraCare.Models.Kennel\MadraCare.Models.Kennel.csproj", "{CF2A2AF9-E04C-43E5-B140-60CEC8567217}"
EndProject
Global
	GlobalSection(SolutionConfigurationPlatforms) = preSolution
		Debug|Any CPU = Debug|Any CPU
		Debug|x64 = Debug|x64
		Debug|x86 = Debug|x86
		Release|Any CPU = Release|Any CPU
		Release|x64 = Release|x64
		Release|x86 = Release|x86
	EndGlobalSection
	GlobalSection(SolutionProperties) = preSolution
		HideSolutionNode = FALSE
	EndGlobalSection
	GlobalSection(ProjectConfigurationPlatforms) = postSolution
		{E43BF452-1C77-4CC6-8E29-9B5934C82D8C}.Debug|Any CPU.ActiveCfg = Debug|Any CPU
		{E43BF452-1C77-4CC6-8E29-9B5934C82D8C}.Debug|Any CPU.Build.0 = Debug|Any CPU
		{E43BF452-1C77-4CC6-8E29-9B5934C82D8C}.Debug|x64.ActiveCfg = Debug|Any CPU
		{E43BF452-1C77-4CC6-8E29-9B5934C82D8C}.Debug|x64.Build.0 = Debug|Any CPU
		{E43BF452-1C77-4CC6-8E29-9B5934C82D8C}.Debug|x86.ActiveCfg = Debug|Any CPU
		{E43BF452-1C77-4CC6-8E29-9B5934C82D8C}.Debug|x86.Build.0 = Debug|Any CPU
		{E43BF452-1C77-4CC6-8E29-9B5934C82D8C}.Release|Any CPU.ActiveCfg = Release|Any CPU
		{E43BF452-1C77-4CC6-8E29-9B5934C82D8C}.Release|Any CPU.Build.0 = Release|Any CPU
		{E43BF452-1C77-4CC6-8E29-9B5934C82D8C}.Release|x64.ActiveCfg = Release|Any CPU
		{E43BF452-1C77-4CC6-8E29-9B5934C82D8C}.Release|x64.Build.0 = Release|Any CPU
		{E43BF452-1C77-4CC6-8E29-9B5934C82D8C}.Release|x86.ActiveCfg = Release|Any CPU
		{E43BF452-1C77-4CC6-8E29-9B5934C82D8C}.Release|x86.Build.0 = Release|Any CPU
		{83795867-057D-4EE5-9E1E-4B2FB8E8A131}.Debug|Any CPU.ActiveCfg = Debug|Any CPU
		{83795867-057D-4EE5-9E1E-4B2FB8E8A131}.Debug|Any CPU.Build.0 = Debug|Any CPU
		{83795867-057D-4EE5-9E1E-4B2FB8E8A131}.Debug|x64.ActiveCfg = Debug|Any CPU
		{83795867-057D-4EE5-9E1E-4B2FB8E8A131}.Debug|x64.Build.0 = Debug|Any CPU
		{83795867-057D-4EE5-9E1E-4B2FB8E8A131}.Debug|x86.ActiveCfg = Debug|Any CPU
		{83795867-057D-4EE5-9E1E-4B2FB8E8A131}.Debug|x86.Build.0 = Debug|Any CPU
		{83795867-057D-4EE5-9E1E-4B2FB8E8A131}.Release|Any CPU.ActiveCfg = Release|Any CPU
		{83795867-057D-4EE5-9E1E-4B2FB8E8A131}.Release|Any CPU.Build.0 = Release|Any CPU
		{83795867-057D-4EE5-9E1E-4B2FB8E8A131}.Release|x64.ActiveCfg = Release|Any CPU
		{83795867-057D-4EE5-9E1E-4B2FB8E8A131}.Release|x64.Build.0 = Release|Any CPU
		{83795867-057D-4EE5-9E1E-4B2FB8E8A131}.Release|x86.ActiveCfg = Release|Any CPU
		{83795867-057D-4EE5-9E1E-4B2FB8E8A131}.Release|x86.Build.0 = Release|Any CPU
		{87BA9D55-75B7-446F-B56F-1D05DC57042B}.Debug|Any CPU.ActiveCfg = Debug|Any CPU
		{87BA9D55-75B7-446F-B56F-1D05DC57042B}.Debug|Any CPU.Build.0 = Debug|Any CPU
		{87BA9D55-75B7-446F-B56F-1D05DC57042B}.Debug|x64.ActiveCfg = Debug|Any CPU
		{87BA9D55-75B7-446F-B56F-1D05DC57042B}.Debug|x64.Build.0 = Debug|Any CPU
		{87BA9D55-75B7-446F-B56F-1D05DC57042B}.Debug|x86.ActiveCfg = Debug|Any CPU
		{87BA9D55-75B7-446F-B56F-1D05DC57042B}.Debug|x86.Build.0 = Debug|Any CPU
		{87BA9D55-75B7-446F-B56F-1D05DC57042B}.Release|Any CPU.ActiveCfg = Release|Any CPU
		{87BA9D55-75B7-446F-B56F-1D05DC57042B}.Release|Any CPU.Build.0 = Release|Any CPU
		{87BA9D55-75B7-446F-B56F-1D05DC57042B}.Release|x64.ActiveCfg = Release|Any CPU
		{87BA9D55-75B7-446F-B56F-1D05DC57042B}.Release|x64.Build.0 = Release|Any CPU
		{87BA9D55-75B7-446F-B56F-1D05DC57042B}.Release|x86.ActiveCfg = Release|Any CPU
		{87BA9D55-75B7-446F-B56F-1D05DC57042B}.Release|x86.Build.0 = Release|Any CPU
		{CF2A2AF9-E04C-43E5-B140-60CEC8567217}.Debug|Any CPU.ActiveCfg = Debug|Any CPU
		{CF2A2AF9-E04C-43E5-B140-60CEC8567217}.Debug|Any CPU.Build.0 = Debug|Any CPU
		{CF2A2AF9-E04C-43E5-B140-60CEC8567217}.Debug|x64.ActiveCfg = Debug|Any CPU
		{CF2A2AF9-E04C-43E5-B140-60CEC8567217}.Debug|x64.Build.0 = Debug|Any CPU
		{CF2A2AF9-E04C-43E5-B140-60CEC8567217}.Debug|x86.ActiveCfg = Debug|Any CPU
		{CF2A2AF9-E04C-43E5-B140-60CEC8567217}.Debug|x86.Build.0 = Debug|Any CPU
		{CF2A2AF9-E04C-43E5-B140-60CEC8567217}.Release|Any CPU.ActiveCfg = Release|Any CPU
		{CF2A2AF9-E04C-43E5-B140-60CEC8567217}.Release|Any CPU.Build.0 = Release|Any CPU
		{CF2A2AF9-E04C-43E5-B140-60CEC8567217}.Release|x64.ActiveCfg = Release|Any CPU
		{CF2A2AF9-E04C-43E5-B140-60CEC8567217}.Release|x64.Build.0 = Release|Any CPU
		{CF2A2AF9-E04C-43E5-B140-60CEC8567217}.Release|x86.ActiveCfg = Release|Any CPU
		{CF2A2AF9-E04C-43E5-B140-60CEC8567217}.Release|x86.Build.0 = Release|Any CPU
	EndGlobalSection
	GlobalSection(NestedProjects) = preSolution
		{FAB9A81B-4ECD-46BB-B8EF-A13A5A21735C} = {FB836FAB-925C-4134-B64E-0318F6F5D2E2}
		{E43BF452-1C77-4CC6-8E29-9B5934C82D8C} = {FAB9A81B-4ECD-46BB-B8EF-A13A5A21735C}
		{83795867-057D-4EE5-9E1E-4B2FB8E8A131} = {FB836FAB-925C-4134-B64E-0318F6F5D2E2}
		{87BA9D55-75B7-446F-B56F-1D05DC57042B} = {FAB9A81B-4ECD-46BB-B8EF-A13A5A21735C}
		{B3E330F7-4B67-4B0B-B00B-7656FF5D35A4} = {FB836FAB-925C-4134-B64E-0318F6F5D2E2}
		{CF2A2AF9-E04C-43E5-B140-60CEC8567217} = {B3E330F7-4B67-4B0B-B00B-7656FF5D35A4}
	EndGlobalSection
EndGlobal
